// !$*UTF8*$!
{
	archiveVersion = 1;
	classes = {
	};
	objectVersion = 51;
	objects = {

/* Begin PBXBuildFile section */
		B62806252338EA19009BBDD7 /* AppDelegate.swift in Sources */ = {isa = PBXBuildFile; fileRef = B62806242338EA19009BBDD7 /* AppDelegate.swift */; };
		B62806272338EA19009BBDD7 /* SceneDelegate.swift in Sources */ = {isa = PBXBuildFile; fileRef = B62806262338EA19009BBDD7 /* SceneDelegate.swift */; };
		B62806292338EA19009BBDD7 /* SignInViewController.swift in Sources */ = {isa = PBXBuildFile; fileRef = B62806282338EA19009BBDD7 /* SignInViewController.swift */; };
		B628062C2338EA19009BBDD7 /* Main.storyboard in Resources */ = {isa = PBXBuildFile; fileRef = B628062A2338EA19009BBDD7 /* Main.storyboard */; };
		B628062E2338EA1A009BBDD7 /* Assets.xcassets in Resources */ = {isa = PBXBuildFile; fileRef = B628062D2338EA1A009BBDD7 /* Assets.xcassets */; };
		B62806312338EA1A009BBDD7 /* LaunchScreen.storyboard in Resources */ = {isa = PBXBuildFile; fileRef = B628062F2338EA1A009BBDD7 /* LaunchScreen.storyboard */; };
		B628063C2338ED24009BBDD7 /* TwitterAPI.swift in Sources */ = {isa = PBXBuildFile; fileRef = B628063B2338ED24009BBDD7 /* TwitterAPI.swift */; };
		B628063E2338EE2E009BBDD7 /* HomeViewController.swift in Sources */ = {isa = PBXBuildFile; fileRef = B628063D2338EE2E009BBDD7 /* HomeViewController.swift */; };
		B643215A233A2F1900C76C5E /* SearchResponses.swift in Sources */ = {isa = PBXBuildFile; fileRef = B6432159233A2F1900C76C5E /* SearchResponses.swift */; };
		B643215C233A34CA00C76C5E /* UserResponse.swift in Sources */ = {isa = PBXBuildFile; fileRef = B643215B233A34CA00C76C5E /* UserResponse.swift */; };
		B643215E233A37F400C76C5E /* Tweet.swift in Sources */ = {isa = PBXBuildFile; fileRef = B643215D233A37F400C76C5E /* Tweet.swift */; };
		B6432160233B6A7000C76C5E /* SearchViewController.swift in Sources */ = {isa = PBXBuildFile; fileRef = B643215F233B6A7000C76C5E /* SearchViewController.swift */; };
		B6B5DAC2233CBBF800CF3B58 /* SearchCell.swift in Sources */ = {isa = PBXBuildFile; fileRef = B6B5DAC1233CBBF800CF3B58 /* SearchCell.swift */; };
		B6B5DAC4233CC85400CF3B58 /* ButtonCell.swift in Sources */ = {isa = PBXBuildFile; fileRef = B6B5DAC3233CC85400CF3B58 /* ButtonCell.swift */; };
		B6F7E33E2344AC640066DA96 /* TwitterCell.swift in Sources */ = {isa = PBXBuildFile; fileRef = B6F7E33C2344AC640066DA96 /* TwitterCell.swift */; };
		B6F7E33F2344AC640066DA96 /* TwitterCell.xib in Resources */ = {isa = PBXBuildFile; fileRef = B6F7E33D2344AC640066DA96 /* TwitterCell.xib */; };
		F2DB6F8704699137082865DB /* Pods_AdvanceSearchForTwitter.framework in Frameworks */ = {isa = PBXBuildFile; fileRef = 8661AF4C79B5A13CA4650EAC /* Pods_AdvanceSearchForTwitter.framework */; };
/* End PBXBuildFile section */

/* Begin PBXFileReference section */
		4DD8EDC59EC80184B3F2E502 /* Pods-AdvanceSearchForTwitter.debug.xcconfig */ = {isa = PBXFileReference; includeInIndex = 1; lastKnownFileType = text.xcconfig; name = "Pods-AdvanceSearchForTwitter.debug.xcconfig"; path = "Target Support Files/Pods-AdvanceSearchForTwitter/Pods-AdvanceSearchForTwitter.debug.xcconfig"; sourceTree = "<group>"; };
		82876AC94DA6B19608AC8B7E /* Pods-AdvanceSearchForTwitter.release.xcconfig */ = {isa = PBXFileReference; includeInIndex = 1; lastKnownFileType = text.xcconfig; name = "Pods-AdvanceSearchForTwitter.release.xcconfig"; path = "Target Support Files/Pods-AdvanceSearchForTwitter/Pods-AdvanceSearchForTwitter.release.xcconfig"; sourceTree = "<group>"; };
		8661AF4C79B5A13CA4650EAC /* Pods_AdvanceSearchForTwitter.framework */ = {isa = PBXFileReference; explicitFileType = wrapper.framework; includeInIndex = 0; path = Pods_AdvanceSearchForTwitter.framework; sourceTree = BUILT_PRODUCTS_DIR; };
		B62806212338EA19009BBDD7 /* AdvanceSearchForTwitter.app */ = {isa = PBXFileReference; explicitFileType = wrapper.application; includeInIndex = 0; path = AdvanceSearchForTwitter.app; sourceTree = BUILT_PRODUCTS_DIR; };
		B62806242338EA19009BBDD7 /* AppDelegate.swift */ = {isa = PBXFileReference; lastKnownFileType = sourcecode.swift; path = AppDelegate.swift; sourceTree = "<group>"; };
		B62806262338EA19009BBDD7 /* SceneDelegate.swift */ = {isa = PBXFileReference; lastKnownFileType = sourcecode.swift; path = SceneDelegate.swift; sourceTree = "<group>"; };
		B62806282338EA19009BBDD7 /* SignInViewController.swift */ = {isa = PBXFileReference; lastKnownFileType = sourcecode.swift; path = SignInViewController.swift; sourceTree = "<group>"; };
		B628062B2338EA19009BBDD7 /* Base */ = {isa = PBXFileReference; lastKnownFileType = file.storyboard; name = Base; path = Base.lproj/Main.storyboard; sourceTree = "<group>"; };
		B628062D2338EA1A009BBDD7 /* Assets.xcassets */ = {isa = PBXFileReference; lastKnownFileType = folder.assetcatalog; path = Assets.xcassets; sourceTree = "<group>"; };
		B62806302338EA1A009BBDD7 /* Base */ = {isa = PBXFileReference; lastKnownFileType = file.storyboard; name = Base; path = Base.lproj/LaunchScreen.storyboard; sourceTree = "<group>"; };
		B62806322338EA1A009BBDD7 /* Info.plist */ = {isa = PBXFileReference; lastKnownFileType = text.plist.xml; path = Info.plist; sourceTree = "<group>"; };
		B628063B2338ED24009BBDD7 /* TwitterAPI.swift */ = {isa = PBXFileReference; lastKnownFileType = sourcecode.swift; path = TwitterAPI.swift; sourceTree = "<group>"; };
		B628063D2338EE2E009BBDD7 /* HomeViewController.swift */ = {isa = PBXFileReference; lastKnownFileType = sourcecode.swift; path = HomeViewController.swift; sourceTree = "<group>"; };
		B6432159233A2F1900C76C5E /* SearchResponses.swift */ = {isa = PBXFileReference; lastKnownFileType = sourcecode.swift; path = SearchResponses.swift; sourceTree = "<group>"; };
		B643215B233A34CA00C76C5E /* UserResponse.swift */ = {isa = PBXFileReference; lastKnownFileType = sourcecode.swift; path = UserResponse.swift; sourceTree = "<group>"; };
		B643215D233A37F400C76C5E /* Tweet.swift */ = {isa = PBXFileReference; lastKnownFileType = sourcecode.swift; path = Tweet.swift; sourceTree = "<group>"; };
		B643215F233B6A7000C76C5E /* SearchViewController.swift */ = {isa = PBXFileReference; lastKnownFileType = sourcecode.swift; path = SearchViewController.swift; sourceTree = "<group>"; };
		B6B5DAC1233CBBF800CF3B58 /* SearchCell.swift */ = {isa = PBXFileReference; lastKnownFileType = sourcecode.swift; path = SearchCell.swift; sourceTree = "<group>"; };
		B6B5DAC3233CC85400CF3B58 /* ButtonCell.swift */ = {isa = PBXFileReference; lastKnownFileType = sourcecode.swift; path = ButtonCell.swift; sourceTree = "<group>"; };
		B6F7E33C2344AC640066DA96 /* TwitterCell.swift */ = {isa = PBXFileReference; lastKnownFileType = sourcecode.swift; path = TwitterCell.swift; sourceTree = "<group>"; };
		B6F7E33D2344AC640066DA96 /* TwitterCell.xib */ = {isa = PBXFileReference; lastKnownFileType = file.xib; path = TwitterCell.xib; sourceTree = "<group>"; };
/* End PBXFileReference section */

/* Begin PBXFrameworksBuildPhase section */
		B628061E2338EA19009BBDD7 /* Frameworks */ = {
			isa = PBXFrameworksBuildPhase;
			buildActionMask = 2147483647;
			files = (
				F2DB6F8704699137082865DB /* Pods_AdvanceSearchForTwitter.framework in Frameworks */,
			);
			runOnlyForDeploymentPostprocessing = 0;
		};
/* End PBXFrameworksBuildPhase section */

/* Begin PBXGroup section */
		009BD9845AB93556FCBEF994 /* Frameworks */ = {
			isa = PBXGroup;
			children = (
				8661AF4C79B5A13CA4650EAC /* Pods_AdvanceSearchForTwitter.framework */,
			);
			name = Frameworks;
			sourceTree = "<group>";
		};
		B62806182338EA19009BBDD7 = {
			isa = PBXGroup;
			children = (
				B62806232338EA19009BBDD7 /* AdvanceSearchForTwitter */,
				B62806222338EA19009BBDD7 /* Products */,
				C7557D482C125026D109AC18 /* Pods */,
				009BD9845AB93556FCBEF994 /* Frameworks */,
			);
			sourceTree = "<group>";
		};
		B62806222338EA19009BBDD7 /* Products */ = {
			isa = PBXGroup;
			children = (
				B62806212338EA19009BBDD7 /* AdvanceSearchForTwitter.app */,
			);
			name = Products;
			sourceTree = "<group>";
		};
		B62806232338EA19009BBDD7 /* AdvanceSearchForTwitter */ = {
			isa = PBXGroup;
			children = (
				B62806242338EA19009BBDD7 /* AppDelegate.swift */,
				B62806262338EA19009BBDD7 /* SceneDelegate.swift */,
				B62806382338ECD5009BBDD7 /* Model */,
				B628063A2338ECE5009BBDD7 /* Controllers */,
				B62806392338ECDD009BBDD7 /* View */,
				B62806322338EA1A009BBDD7 /* Info.plist */,
			);
			path = AdvanceSearchForTwitter;
			sourceTree = "<group>";
		};
		B62806382338ECD5009BBDD7 /* Model */ = {
			isa = PBXGroup;
			children = (
				B6432157233A2AC300C76C5E /* TwitterAPI */,
				B6432158233A2B6700C76C5E /* TwitterResponses */,
			);
			path = Model;
			sourceTree = "<group>";
		};
		B62806392338ECDD009BBDD7 /* View */ = {
			isa = PBXGroup;
			children = (
				B6F7E3402344B3DC0066DA96 /* Cells */,
				B628062A2338EA19009BBDD7 /* Main.storyboard */,
				B628062D2338EA1A009BBDD7 /* Assets.xcassets */,
				B628062F2338EA1A009BBDD7 /* LaunchScreen.storyboard */,
			);
			path = View;
			sourceTree = "<group>";
		};
		B628063A2338ECE5009BBDD7 /* Controllers */ = {
			isa = PBXGroup;
			children = (
				B62806282338EA19009BBDD7 /* SignInViewController.swift */,
				B628063D2338EE2E009BBDD7 /* HomeViewController.swift */,
				B643215F233B6A7000C76C5E /* SearchViewController.swift */,
			);
			path = Controllers;
			sourceTree = "<group>";
		};
		B6432157233A2AC300C76C5E /* TwitterAPI */ = {
			isa = PBXGroup;
			children = (
				B628063B2338ED24009BBDD7 /* TwitterAPI.swift */,
			);
			path = TwitterAPI;
			sourceTree = "<group>";
		};
		B6432158233A2B6700C76C5E /* TwitterResponses */ = {
			isa = PBXGroup;
			children = (
				B6432159233A2F1900C76C5E /* SearchResponses.swift */,
				B643215B233A34CA00C76C5E /* UserResponse.swift */,
				B643215D233A37F400C76C5E /* Tweet.swift */,
			);
			path = TwitterResponses;
			sourceTree = "<group>";
		};
		B6F7E3402344B3DC0066DA96 /* Cells */ = {
			isa = PBXGroup;
			children = (
				B6F7E33C2344AC640066DA96 /* TwitterCell.swift */,
				B6F7E33D2344AC640066DA96 /* TwitterCell.xib */,
				B6B5DAC3233CC85400CF3B58 /* ButtonCell.swift */,
				B6B5DAC1233CBBF800CF3B58 /* SearchCell.swift */,
			);
			path = Cells;
			sourceTree = "<group>";
		};
		C7557D482C125026D109AC18 /* Pods */ = {
			isa = PBXGroup;
			children = (
				4DD8EDC59EC80184B3F2E502 /* Pods-AdvanceSearchForTwitter.debug.xcconfig */,
				82876AC94DA6B19608AC8B7E /* Pods-AdvanceSearchForTwitter.release.xcconfig */,
			);
			path = Pods;
			sourceTree = "<group>";
		};
/* End PBXGroup section */

/* Begin PBXNativeTarget section */
		B62806202338EA19009BBDD7 /* AdvanceSearchForTwitter */ = {
			isa = PBXNativeTarget;
			buildConfigurationList = B62806352338EA1A009BBDD7 /* Build configuration list for PBXNativeTarget "AdvanceSearchForTwitter" */;
			buildPhases = (
				DD4732055123E44C726C391D /* [CP] Check Pods Manifest.lock */,
				B628061D2338EA19009BBDD7 /* Sources */,
				B628061E2338EA19009BBDD7 /* Frameworks */,
				B628061F2338EA19009BBDD7 /* Resources */,
				018787C3AABB55AAC5E12032 /* [CP] Embed Pods Frameworks */,
			);
			buildRules = (
			);
			dependencies = (
			);
			name = AdvanceSearchForTwitter;
			productName = AdvanceSearchForTwitter;
			productReference = B62806212338EA19009BBDD7 /* AdvanceSearchForTwitter.app */;
			productType = "com.apple.product-type.application";
		};
/* End PBXNativeTarget section */

/* Begin PBXProject section */
		B62806192338EA19009BBDD7 /* Project object */ = {
			isa = PBXProject;
			attributes = {
				LastSwiftUpdateCheck = 1100;
				LastUpgradeCheck = 1100;
				ORGANIZATIONNAME = Creyto;
				TargetAttributes = {
					B62806202338EA19009BBDD7 = {
						CreatedOnToolsVersion = 11.0;
					};
				};
			};
			buildConfigurationList = B628061C2338EA19009BBDD7 /* Build configuration list for PBXProject "AdvanceSearchForTwitter" */;
			compatibilityVersion = "Xcode 9.3";
			developmentRegion = en;
			hasScannedForEncodings = 0;
			knownRegions = (
				en,
				Base,
			);
			mainGroup = B62806182338EA19009BBDD7;
			productRefGroup = B62806222338EA19009BBDD7 /* Products */;
			projectDirPath = "";
			projectRoot = "";
			targets = (
				B62806202338EA19009BBDD7 /* AdvanceSearchForTwitter */,
			);
		};
/* End PBXProject section */

/* Begin PBXResourcesBuildPhase section */
		B628061F2338EA19009BBDD7 /* Resources */ = {
			isa = PBXResourcesBuildPhase;
			buildActionMask = 2147483647;
			files = (
				B6F7E33F2344AC640066DA96 /* TwitterCell.xib in Resources */,
				B62806312338EA1A009BBDD7 /* LaunchScreen.storyboard in Resources */,
				B628062E2338EA1A009BBDD7 /* Assets.xcassets in Resources */,
				B628062C2338EA19009BBDD7 /* Main.storyboard in Resources */,
			);
			runOnlyForDeploymentPostprocessing = 0;
		};
/* End PBXResourcesBuildPhase section */

/* Begin PBXShellScriptBuildPhase section */
		018787C3AABB55AAC5E12032 /* [CP] Embed Pods Frameworks */ = {
			isa = PBXShellScriptBuildPhase;
			buildActionMask = 2147483647;
			files = (
			);
			inputFileListPaths = (
				"${PODS_ROOT}/Target Support Files/Pods-AdvanceSearchForTwitter/Pods-AdvanceSearchForTwitter-frameworks-${CONFIGURATION}-input-files.xcfilelist",
			);
			name = "[CP] Embed Pods Frameworks";
			outputFileListPaths = (
				"${PODS_ROOT}/Target Support Files/Pods-AdvanceSearchForTwitter/Pods-AdvanceSearchForTwitter-frameworks-${CONFIGURATION}-output-files.xcfilelist",
			);
			runOnlyForDeploymentPostprocessing = 0;
			shellPath = /bin/sh;
			shellScript = "\"${PODS_ROOT}/Target Support Files/Pods-AdvanceSearchForTwitter/Pods-AdvanceSearchForTwitter-frameworks.sh\"\n";
			showEnvVarsInLog = 0;
		};
		DD4732055123E44C726C391D /* [CP] Check Pods Manifest.lock */ = {
			isa = PBXShellScriptBuildPhase;
			buildActionMask = 2147483647;
			files = (
			);
			inputFileListPaths = (
			);
			inputPaths = (
				"${PODS_PODFILE_DIR_PATH}/Podfile.lock",
				"${PODS_ROOT}/Manifest.lock",
			);
			name = "[CP] Check Pods Manifest.lock";
			outputFileListPaths = (
			);
			outputPaths = (
				"$(DERIVED_FILE_DIR)/Pods-AdvanceSearchForTwitter-checkManifestLockResult.txt",
			);
			runOnlyForDeploymentPostprocessing = 0;
			shellPath = /bin/sh;
			shellScript = "diff \"${PODS_PODFILE_DIR_PATH}/Podfile.lock\" \"${PODS_ROOT}/Manifest.lock\" > /dev/null\nif [ $? != 0 ] ; then\n    # print error to STDERR\n    echo \"error: The sandbox is not in sync with the Podfile.lock. Run 'pod install' or update your CocoaPods installation.\" >&2\n    exit 1\nfi\n# This output is used by Xcode 'outputs' to avoid re-running this script phase.\necho \"SUCCESS\" > \"${SCRIPT_OUTPUT_FILE_0}\"\n";
			showEnvVarsInLog = 0;
		};
/* End PBXShellScriptBuildPhase section */

/* Begin PBXSourcesBuildPhase section */
		B628061D2338EA19009BBDD7 /* Sources */ = {
			isa = PBXSourcesBuildPhase;
			buildActionMask = 2147483647;
			files = (
				B6432160233B6A7000C76C5E /* SearchViewController.swift in Sources */,
				B6B5DAC2233CBBF800CF3B58 /* SearchCell.swift in Sources */,
				B628063E2338EE2E009BBDD7 /* HomeViewController.swift in Sources */,
				B628063C2338ED24009BBDD7 /* TwitterAPI.swift in Sources */,
				B643215E233A37F400C76C5E /* Tweet.swift in Sources */,
				B643215C233A34CA00C76C5E /* UserResponse.swift in Sources */,
				B643215A233A2F1900C76C5E /* SearchResponses.swift in Sources */,
				B62806292338EA19009BBDD7 /* SignInViewController.swift in Sources */,
				B62806252338EA19009BBDD7 /* AppDelegate.swift in Sources */,
				B6F7E33E2344AC640066DA96 /* TwitterCell.swift in Sources */,
				B62806272338EA19009BBDD7 /* SceneDelegate.swift in Sources */,
				B6B5DAC4233CC85400CF3B58 /* ButtonCell.swift in Sources */,
			);
			runOnlyForDeploymentPostprocessing = 0;
		};
/* End PBXSourcesBuildPhase section */

/* Begin PBXVariantGroup section */
		B628062A2338EA19009BBDD7 /* Main.storyboard */ = {
			isa = PBXVariantGroup;
			children = (
				B628062B2338EA19009BBDD7 /* Base */,
			);
			name = Main.storyboard;
			sourceTree = "<group>";
		};
		B628062F2338EA1A009BBDD7 /* LaunchScreen.storyboard */ = {
			isa = PBXVariantGroup;
			children = (
				B62806302338EA1A009BBDD7 /* Base */,
			);
			name = LaunchScreen.storyboard;
			sourceTree = "<group>";
		};
/* End PBXVariantGroup section */

/* Begin XCBuildConfiguration section */
		B62806332338EA1A009BBDD7 /* Debug */ = {
			isa = XCBuildConfiguration;
			buildSettings = {
				ALWAYS_SEARCH_USER_PATHS = NO;
				CLANG_ANALYZER_NONNULL = YES;
				CLANG_ANALYZER_NUMBER_OBJECT_CONVERSION = YES_AGGRESSIVE;
				CLANG_CXX_LANGUAGE_STANDARD = "gnu++14";
				CLANG_CXX_LIBRARY = "libc++";
				CLANG_ENABLE_MODULES = YES;
				CLANG_ENABLE_OBJC_ARC = YES;
				CLANG_ENABLE_OBJC_WEAK = YES;
				CLANG_WARN_BLOCK_CAPTURE_AUTORELEASING = YES;
				CLANG_WARN_BOOL_CONVERSION = YES;
				CLANG_WARN_COMMA = YES;
				CLANG_WARN_CONSTANT_CONVERSION = YES;
				CLANG_WARN_DEPRECATED_OBJC_IMPLEMENTATIONS = YES;
				CLANG_WARN_DIRECT_OBJC_ISA_USAGE = YES_ERROR;
				CLANG_WARN_DOCUMENTATION_COMMENTS = YES;
				CLANG_WARN_EMPTY_BODY = YES;
				CLANG_WARN_ENUM_CONVERSION = YES;
				CLANG_WARN_INFINITE_RECURSION = YES;
				CLANG_WARN_INT_CONVERSION = YES;
				CLANG_WARN_NON_LITERAL_NULL_CONVERSION = YES;
				CLANG_WARN_OBJC_IMPLICIT_RETAIN_SELF = YES;
				CLANG_WARN_OBJC_LITERAL_CONVERSION = YES;
				CLANG_WARN_OBJC_ROOT_CLASS = YES_ERROR;
				CLANG_WARN_RANGE_LOOP_ANALYSIS = YES;
				CLANG_WARN_STRICT_PROTOTYPES = YES;
				CLANG_WARN_SUSPICIOUS_MOVE = YES;
				CLANG_WARN_UNGUARDED_AVAILABILITY = YES_AGGRESSIVE;
				CLANG_WARN_UNREACHABLE_CODE = YES;
				CLANG_WARN__DUPLICATE_METHOD_MATCH = YES;
				COPY_PHASE_STRIP = NO;
				DEBUG_INFORMATION_FORMAT = dwarf;
				ENABLE_STRICT_OBJC_MSGSEND = YES;
				ENABLE_TESTABILITY = YES;
				GCC_C_LANGUAGE_STANDARD = gnu11;
				GCC_DYNAMIC_NO_PIC = NO;
				GCC_NO_COMMON_BLOCKS = YES;
				GCC_OPTIMIZATION_LEVEL = 0;
				GCC_PREPROCESSOR_DEFINITIONS = (
					"DEBUG=1",
					"$(inherited)",
				);
				GCC_WARN_64_TO_32_BIT_CONVERSION = YES;
				GCC_WARN_ABOUT_RETURN_TYPE = YES_ERROR;
				GCC_WARN_UNDECLARED_SELECTOR = YES;
				GCC_WARN_UNINITIALIZED_AUTOS = YES_AGGRESSIVE;
				GCC_WARN_UNUSED_FUNCTION = YES;
				GCC_WARN_UNUSED_VARIABLE = YES;
				IPHONEOS_DEPLOYMENT_TARGET = 13.0;
				MTL_ENABLE_DEBUG_INFO = INCLUDE_SOURCE;
				MTL_FAST_MATH = YES;
				ONLY_ACTIVE_ARCH = YES;
				SDKROOT = iphoneos;
				SWIFT_ACTIVE_COMPILATION_CONDITIONS = DEBUG;
				SWIFT_OPTIMIZATION_LEVEL = "-Onone";
			};
			name = Debug;
		};
		B62806342338EA1A009BBDD7 /* Release */ = {
			isa = XCBuildConfiguration;
			buildSettings = {
				ALWAYS_SEARCH_USER_PATHS = NO;
				CLANG_ANALYZER_NONNULL = YES;
				CLANG_ANALYZER_NUMBER_OBJECT_CONVERSION = YES_AGGRESSIVE;
				CLANG_CXX_LANGUAGE_STANDARD = "gnu++14";
				CLANG_CXX_LIBRARY = "libc++";
				CLANG_ENABLE_MODULES = YES;
				CLANG_ENABLE_OBJC_ARC = YES;
				CLANG_ENABLE_OBJC_WEAK = YES;
				CLANG_WARN_BLOCK_CAPTURE_AUTORELEASING = YES;
				CLANG_WARN_BOOL_CONVERSION = YES;
				CLANG_WARN_COMMA = YES;
				CLANG_WARN_CONSTANT_CONVERSION = YES;
				CLANG_WARN_DEPRECATED_OBJC_IMPLEMENTATIONS = YES;
				CLANG_WARN_DIRECT_OBJC_ISA_USAGE = YES_ERROR;
				CLANG_WARN_DOCUMENTATION_COMMENTS = YES;
				CLANG_WARN_EMPTY_BODY = YES;
				CLANG_WARN_ENUM_CONVERSION = YES;
				CLANG_WARN_INFINITE_RECURSION = YES;
				CLANG_WARN_INT_CONVERSION = YES;
				CLANG_WARN_NON_LITERAL_NULL_CONVERSION = YES;
				CLANG_WARN_OBJC_IMPLICIT_RETAIN_SELF = YES;
				CLANG_WARN_OBJC_LITERAL_CONVERSION = YES;
				CLANG_WARN_OBJC_ROOT_CLASS = YES_ERROR;
				CLANG_WARN_RANGE_LOOP_ANALYSIS = YES;
				CLANG_WARN_STRICT_PROTOTYPES = YES;
				CLANG_WARN_SUSPICIOUS_MOVE = YES;
				CLANG_WARN_UNGUARDED_AVAILABILITY = YES_AGGRESSIVE;
				CLANG_WARN_UNREACHABLE_CODE = YES;
				CLANG_WARN__DUPLICATE_METHOD_MATCH = YES;
				COPY_PHASE_STRIP = NO;
				DEBUG_INFORMATION_FORMAT = "dwarf-with-dsym";
				ENABLE_NS_ASSERTIONS = NO;
				ENABLE_STRICT_OBJC_MSGSEND = YES;
				GCC_C_LANGUAGE_STANDARD = gnu11;
				GCC_NO_COMMON_BLOCKS = YES;
				GCC_WARN_64_TO_32_BIT_CONVERSION = YES;
				GCC_WARN_ABOUT_RETURN_TYPE = YES_ERROR;
				GCC_WARN_UNDECLARED_SELECTOR = YES;
				GCC_WARN_UNINITIALIZED_AUTOS = YES_AGGRESSIVE;
				GCC_WARN_UNUSED_FUNCTION = YES;
				GCC_WARN_UNUSED_VARIABLE = YES;
				IPHONEOS_DEPLOYMENT_TARGET = 13.0;
				MTL_ENABLE_DEBUG_INFO = NO;
				MTL_FAST_MATH = YES;
				SDKROOT = iphoneos;
				SWIFT_COMPILATION_MODE = wholemodule;
				SWIFT_OPTIMIZATION_LEVEL = "-O";
				VALIDATE_PRODUCT = YES;
			};
			name = Release;
		};
		B62806362338EA1A009BBDD7 /* Debug */ = {
			isa = XCBuildConfiguration;
			baseConfigurationReference = 4DD8EDC59EC80184B3F2E502 /* Pods-AdvanceSearchForTwitter.debug.xcconfig */;
			buildSettings = {
				ASSETCATALOG_COMPILER_APPICON_NAME = AppIcon;
				CODE_SIGN_STYLE = Automatic;
				DEVELOPMENT_TEAM = 89UUHMRUT9;
				INFOPLIST_FILE = AdvanceSearchForTwitter/Info.plist;
				LD_RUNPATH_SEARCH_PATHS = (
					"$(inherited)",
					"@executable_path/Frameworks",
				);
				PRODUCT_BUNDLE_IDENTIFIER = com.creyto.AdvanceSearchForTwitter;
				PRODUCT_NAME = "$(TARGET_NAME)";
				SWIFT_VERSION = 5.0;
				TARGETED_DEVICE_FAMILY = "1,2";
			};
			name = Debug;
		};
		B62806372338EA1A009BBDD7 /* Release */ = {
			isa = XCBuildConfiguration;
			baseConfigurationReference = 82876AC94DA6B19608AC8B7E /* Pods-AdvanceSearchForTwitter.release.xcconfig */;
			buildSettings = {
				ASSETCATALOG_COMPILER_APPICON_NAME = AppIcon;
				CODE_SIGN_STYLE = Automatic;
				DEVELOPMENT_TEAM = 89UUHMRUT9;
				INFOPLIST_FILE = AdvanceSearchForTwitter/Info.plist;
				LD_RUNPATH_SEARCH_PATHS = (
					"$(inherited)",
					"@executable_path/Frameworks",
				);
				PRODUCT_BUNDLE_IDENTIFIER = com.creyto.AdvanceSearchForTwitter;
				PRODUCT_NAME = "$(TARGET_NAME)";
				SWIFT_VERSION = 5.0;
				TARGETED_DEVICE_FAMILY = "1,2";
			};
			name = Release;
		};
/* End XCBuildConfiguration section */

/* Begin XCConfigurationList section */
		B628061C2338EA19009BBDD7 /* Build configuration list for PBXProject "AdvanceSearchForTwitter" */ = {
			isa = XCConfigurationList;
			buildConfigurations = (
				B62806332338EA1A009BBDD7 /* Debug */,
				B62806342338EA1A009BBDD7 /* Release */,
			);
			defaultConfigurationIsVisible = 0;
			defaultConfigurationName = Release;
		};
		B62806352338EA1A009BBDD7 /* Build configuration list for PBXNativeTarget "AdvanceSearchForTwitter" */ = {
			isa = XCConfigurationList;
			buildConfigurations = (
				B62806362338EA1A009BBDD7 /* Debug */,
				B62806372338EA1A009BBDD7 /* Release */,
			);
			defaultConfigurationIsVisible = 0;
			defaultConfigurationName = Release;
		};
/* End XCConfigurationList section */
	};
	rootObject = B62806192338EA19009BBDD7 /* Project object */;
}
